github.com/drichardson/hello v0.0.0-20190823050739-7447b60075ba h1:TER2VBqQVZjZ1CP4JeV5VjVY4hTNqaY/QtcAHzK0P4o=
github.com/drichardson/hello v0.0.0-20190823050739-7447b60075ba/go.mod h1:yqpaeN+hnqxnpYLdDEGFOa3DKbC3XQJzVRqldHJpvYk=
github.com/drichardson/hello v1.0.0 h1:U0peyRihAYRAwELZ2/A99t60My5nVrVrRa33XXkQpOw=
github.com/drichardson/hello v1.0.0/go.mod h1:yqpaeN+hnqxnpYLdDEGFOa3DKbC3XQJzVRqldHJpvYk=
github.com/drichardson/hello v1.0.1 h1:Zp+f8fQlg0y1EHkHp/zIpR0E06t0iI27us1eJzddijs=
github.com/drichardson/hello v1.0.1/go.mod h1:yqpaeN+hnqxnpYLdDEGFOa3DKbC3XQJzVRqldHJpvYk=
github.com/drichardson/hello/v2 v2.0.0 h1:TfdYcU+2Sd7UN4dcwmsTbDeNWdKDHLE3hEcD/Khv3oI=
github.com/drichardson/hello/v2 v2.0.0/go.mod h1:zIAz+AY22oIFNr9sEpTYJXyOB46SDNHty0L2wr6Ht1A=
github.com/drichardson/hello/v2 v2.0.1 h1:rm72OQqgsh+LsdeGHCY8L3iYptkm2lIW15gvYTgUvDE=
github.com/drichardson/hello/v2 v2.0.1/go.mod h1:zIAz+AY22oIFNr9sEpTYJXyOB46SDNHty0L2wr6Ht1A=
github.com/drichardson/hello/v3 v3.0.0 h1:XrQX/bzBoLz5q1bvTl+Xr/Qifk2LuYZ/eXxZcWGgxRk=
github.com/drichardson/hello/v3 v3.0.0/go.mod h1:luBRT4J0Ft9O9JIvkKLboCpH11iU3x7Ccnel1gm/EJo=
golang.org/x/text v0.0.0-20170915032832-14c0d48ead0c/go.mod h1:NqM8EUOU14njkJ3fqMW+pc6Ldnwhi/IjpwHt7yyuwOQ=
golang.org/x/text v0.3.2 h1:tW2bmiBqwgJj/UpqtC8EpXEZVYOwU0yG4iWbprSVAcs=
golang.org/x/text v0.3.2/go.mod h1:bEr9sfX3Q8Zfm5fL9x+3itogRgK3+ptLWKqgva+5dAk=
golang.org/x/tools v0.0.0-20180917221912-90fa682c2a6e/go.mod h1:n7NCudcB/nEzxVGmLbDWY5pfWTLqBcC2KZ6jyYvM4mQ=
rsc.io/quote/v3 v3.1.0 h1:9JKUTTIUgS6kzR9mK1YuGKv6Nl+DijDNIc0ghT58FaY=
rsc.io/quote/v3 v3.1.0/go.mod h1:yEA65RcK8LyAZtP9Kv3t0HmxON59tX3rD+tICJqUlj0=
rsc.io/sampler v1.3.0/go.mod h1:T1hPZKmBbMNahiBKFy5HrXp6adAjACjK9JXDnKaTXpA=
rsc.io/sampler v1.3.1 h1:F0c3J2nQCdk9ODsNhU3sElnvPIxM/xV1c/qZuAeZmac=
rsc.io/sampler v1.3.1/go.mod h1:T1hPZKmBbMNahiBKFy5HrXp6adAjACjK9JXDnKaTXpA=
